
Microsoft Visual Studio Solution File, Format Version 12.00
# Visual Studio Version 17
VisualStudioVersion = 17.0.31919.166
MinimumVisualStudioVersion = 10.0.40219.1
Project("{FAE04EC0-301F-11D3-BF4B-00C04F79EFBC}") = "Triangle", "Triangle\Triangle.csproj", "{5172B042-72C9-453A-9046-09A4D52D9B93}"
EndProject
Global
	GlobalSection(SolutionConfigurationPlatforms) = preSolution
		Debug|Any CPU = Debug|Any CPU
		Release|Any CPU = Release|Any CPU
	EndGlobalSection
	GlobalSection(ProjectConfigurationPlatforms) = postSolution
		{5172B042-72C9-453A-9046-09A4D52D9B93}.Debug|Any CPU.ActiveCfg = Debug|Any CPU
		{5172B042-72C9-453A-9046-09A4D52D9B93}.Debug|Any CPU.Build.0 = Debug|Any CPU
		{5172B042-72C9-453A-9046-09A4D52D9B93}.Release|Any CPU.ActiveCfg = Release|Any CPU
		{5172B042-72C9-453A-9046-09A4D52D9B93}.Release|Any CPU.Build.0 = Release|Any CPU
	EndGlobalSection
	GlobalSection(SolutionProperties) = preSolution
		HideSolutionNode = FALSE
	EndGlobalSection
	GlobalSection(ExtensibilityGlobals) = postSolution
		SolutionGuid = {AE8CE1AB-6487-49EC-92FE-8C97C18CEA93}
	EndGlobalSection
EndGlobal
